PODS:
  - ObjectMapper (3.3.0)
  - SnapKit (4.0.0)
  - SwiftyJSON (4.1.0)
  - Then (2.3.0)

DEPENDENCIES:
  - ObjectMapper (~> 3.3)
  - SnapKit (~> 4.0.0)
  - SwiftyJSON (~> 4.0)
  - Then

SPEC REPOS:
  https://github.com/cocoapods/specs.git:
    - ObjectMapper
    - SnapKit
    - SwiftyJSON
    - Then

SPEC CHECKSUMS:
  ObjectMapper: b612bf8c8e99c4dc0bb6013a51f7c27966ed5da9
  SnapKit: a42d492c16e80209130a3379f73596c3454b7694
  SwiftyJSON: c29297daf073d2aa016295d5809cdd68045c39b3
  Then: ee21c97b85ff6062b9b0080c9abb1eea46743345

PODFILE CHECKSUM: 36eb0297f8d8ef1c8f61cf86f7108498ac5b9627

COCOAPODS: 1.5.3
